
Microsoft Visual Studio Solution File, Format Version 12.00
# Visual Studio Version 16
VisualStudioVersion = 16.0.30709.132
MinimumVisualStudioVersion = 10.0.40219.1
Project("{9A19103F-16F7-4668-BE54-9A1E7A4F7556}") = "CSharp-9-Record-Types", "CSharp-9-Record-Types.csproj", "{8F193805-9091-4929-8990-9B4ABB26A158}"
EndProject
Global
	GlobalSection(SolutionConfigurationPlatforms) = preSolution
		Debug|Any CPU = Debug|Any CPU
		Release|Any CPU = Release|Any CPU
	EndGlobalSection
	GlobalSection(ProjectConfigurationPlatforms) = postSolution
		{8F193805-9091-4929-8990-9B4ABB26A158}.Debug|Any CPU.ActiveCfg = Debug|Any CPU
		{8F193805-9091-4929-8990-9B4ABB26A158}.Debug|Any CPU.Build.0 = Debug|Any CPU
		{8F193805-9091-4929-8990-9B4ABB26A158}.Release|Any CPU.ActiveCfg = Release|Any CPU
		{8F193805-9091-4929-8990-9B4ABB26A158}.Release|Any CPU.Build.0 = Release|Any CPU
	EndGlobalSection
	GlobalSection(SolutionProperties) = preSolution
		HideSolutionNode = FALSE
	EndGlobalSection
	GlobalSection(ExtensibilityGlobals) = postSolution
		SolutionGuid = {62DEBF3C-819F-43DC-84D8-FEBB1BE18F01}
	EndGlobalSection
EndGlobal
